{
  "name": "create-dev-portfolio",
  "version": "v2.1.6",
  "lockfileVersion": 2,
  "requires": true,
  "packages": {
    "": {
      "name": "create-dev-portfolio",
      "version": "v2.1.6",
      "license": "ISC",
      "dependencies": {
        "chalk": "^5.1.1"
      },
      "bin": {
        "create-dev-portfolio": "bin/generate-app.js"
      }
    },
    "node_modules/chalk": {
      "version": "5.1.1",
      "resolved": "https://registry.npmjs.org/chalk/-/chalk-5.1.1.tgz",
      "integrity": "sha512-OItMegkSDU3P7OJRWBbNRsQsL8SzgwlIGXSZRVfHCLBYrDgzYDuozwDMwvEDpiZdjr50tdOTbTzuubirtEozsg==",
      "engines": {
        "node": "^12.17.0 || ^14.13 || >=16.0.0"
      },
      "funding": {
        "url": "https://github.com/chalk/chalk?sponsor=1"
      }
    }
  },
  "dependencies": {
    "chalk": {
      "version": "5.1.1",
      "resolved": "https://registry.npmjs.org/chalk/-/chalk-5.1.1.tgz",
      "integrity": "sha512-OItMegkSDU3P7OJRWBbNRsQsL8SzgwlIGXSZRVfHCLBYrDgzYDuozwDMwvEDpiZdjr50tdOTbTzuubirtEozsg=="
    }
  }
}
